
Microsoft Visual Studio Solution File, Format Version 12.00
# Visual Studio Version 16
VisualStudioVersion = 16.0.30330.147
MinimumVisualStudioVersion = 10.0.40219.1
Project("{FAE04EC0-301F-11D3-BF4B-00C04F79EFBC}") = "JeskaiAscendancyMCTS", "JeskaiAscendancyMCTS.csproj", "{BC7DA2E4-DA6C-4EE1-AD74-23E6F43626BC}"
EndProject
Global
	GlobalSection(SolutionConfigurationPlatforms) = preSolution
		Debug|Any CPU = Debug|Any CPU
		Release|Any CPU = Release|Any CPU
	EndGlobalSection
	GlobalSection(ProjectConfigurationPlatforms) = postSolution
		{BC7DA2E4-DA6C-4EE1-AD74-23E6F43626BC}.Debug|Any CPU.ActiveCfg = Debug|Any CPU
		{BC7DA2E4-DA6C-4EE1-AD74-23E6F43626BC}.Debug|Any CPU.Build.0 = Debug|Any CPU
		{BC7DA2E4-DA6C-4EE1-AD74-23E6F43626BC}.Release|Any CPU.ActiveCfg = Release|Any CPU
		{BC7DA2E4-DA6C-4EE1-AD74-23E6F43626BC}.Release|Any CPU.Build.0 = Release|Any CPU
	EndGlobalSection
	GlobalSection(SolutionProperties) = preSolution
		HideSolutionNode = FALSE
	EndGlobalSection
	GlobalSection(ExtensibilityGlobals) = postSolution
		SolutionGuid = {2E59C88D-6478-47DF-8407-C97719A0FBDC}
	EndGlobalSection
EndGlobal
